
Microsoft Visual Studio Solution File, Format Version 12.00
# Visual Studio Version 17
VisualStudioVersion = 17.9.34728.123
MinimumVisualStudioVersion = 10.0.40219.1
Project("{9A19103F-16F7-4668-BE54-9A1E7A4F7556}") = "ReactApp1.Server", "ReactApp1.Server\ReactApp1.Server.csproj", "{6010B194-4733-4E23-9DFB-4FED86D5476C}"
EndProject
Project("{54A90642-561A-4BB1-A94E-469ADEE60C69}") = "reactapp1.client", "reactapp1.client\reactapp1.client.esproj", "{D9EF612A-78C5-457C-8342-F44B017D9E1F}"
EndProject
Project("{9A19103F-16F7-4668-BE54-9A1E7A4F7556}") = "Domain", "Service\Domain.csproj", "{2C5694C5-1CAA-47D8-9423-1325805929F2}"
EndProject
Project("{9A19103F-16F7-4668-BE54-9A1E7A4F7556}") = "Repository", "Repository\Repository.csproj", "{6AEEA89C-CCFD-4CD7-9F9A-06B8C04C5D67}"
EndProject
Project("{9A19103F-16F7-4668-BE54-9A1E7A4F7556}") = "Application", "Application\Application.csproj", "{85F27649-C9A4-4BA1-B3EE-53B7D8F539C8}"
EndProject
Global
	GlobalSection(SolutionConfigurationPlatforms) = preSolution
		Debug|Any CPU = Debug|Any CPU
		Release|Any CPU = Release|Any CPU
	EndGlobalSection
	GlobalSection(ProjectConfigurationPlatforms) = postSolution
		{6010B194-4733-4E23-9DFB-4FED86D5476C}.Debug|Any CPU.ActiveCfg = Debug|Any CPU
		{6010B194-4733-4E23-9DFB-4FED86D5476C}.Debug|Any CPU.Build.0 = Debug|Any CPU
		{6010B194-4733-4E23-9DFB-4FED86D5476C}.Release|Any CPU.ActiveCfg = Release|Any CPU
		{6010B194-4733-4E23-9DFB-4FED86D5476C}.Release|Any CPU.Build.0 = Release|Any CPU
		{D9EF612A-78C5-457C-8342-F44B017D9E1F}.Debug|Any CPU.ActiveCfg = Debug|Any CPU
		{D9EF612A-78C5-457C-8342-F44B017D9E1F}.Debug|Any CPU.Build.0 = Debug|Any CPU
		{D9EF612A-78C5-457C-8342-F44B017D9E1F}.Debug|Any CPU.Deploy.0 = Debug|Any CPU
		{D9EF612A-78C5-457C-8342-F44B017D9E1F}.Release|Any CPU.ActiveCfg = Release|Any CPU
		{D9EF612A-78C5-457C-8342-F44B017D9E1F}.Release|Any CPU.Build.0 = Release|Any CPU
		{D9EF612A-78C5-457C-8342-F44B017D9E1F}.Release|Any CPU.Deploy.0 = Release|Any CPU
		{2C5694C5-1CAA-47D8-9423-1325805929F2}.Debug|Any CPU.ActiveCfg = Debug|Any CPU
		{2C5694C5-1CAA-47D8-9423-1325805929F2}.Debug|Any CPU.Build.0 = Debug|Any CPU
		{2C5694C5-1CAA-47D8-9423-1325805929F2}.Release|Any CPU.ActiveCfg = Release|Any CPU
		{2C5694C5-1CAA-47D8-9423-1325805929F2}.Release|Any CPU.Build.0 = Release|Any CPU
		{6AEEA89C-CCFD-4CD7-9F9A-06B8C04C5D67}.Debug|Any CPU.ActiveCfg = Debug|Any CPU
		{6AEEA89C-CCFD-4CD7-9F9A-06B8C04C5D67}.Debug|Any CPU.Build.0 = Debug|Any CPU
		{6AEEA89C-CCFD-4CD7-9F9A-06B8C04C5D67}.Release|Any CPU.ActiveCfg = Release|Any CPU
		{6AEEA89C-CCFD-4CD7-9F9A-06B8C04C5D67}.Release|Any CPU.Build.0 = Release|Any CPU
		{85F27649-C9A4-4BA1-B3EE-53B7D8F539C8}.Debug|Any CPU.ActiveCfg = Debug|Any CPU
		{85F27649-C9A4-4BA1-B3EE-53B7D8F539C8}.Debug|Any CPU.Build.0 = Debug|Any CPU
		{85F27649-C9A4-4BA1-B3EE-53B7D8F539C8}.Release|Any CPU.ActiveCfg = Release|Any CPU
		{85F27649-C9A4-4BA1-B3EE-53B7D8F539C8}.Release|Any CPU.Build.0 = Release|Any CPU
	EndGlobalSection
	GlobalSection(SolutionProperties) = preSolution
		HideSolutionNode = FALSE
	EndGlobalSection
	GlobalSection(ExtensibilityGlobals) = postSolution
		SolutionGuid = {7AA44AC2-809C-4BED-A1E7-4284FE385D65}
	EndGlobalSection
EndGlobal
